
Microsoft Visual Studio Solution File, Format Version 12.00
# Visual Studio Version 17
VisualStudioVersion = 17.9.34728.123
MinimumVisualStudioVersion = 10.0.40219.1
Project("{FAE04EC0-301F-11D3-BF4B-00C04F79EFBC}") = "Music.Player.API", "Music.Player.API\Music.Player.API.csproj", "{0753F83A-0DC0-4860-AF1E-3338F43D171E}"
EndProject
Project("{FAE04EC0-301F-11D3-BF4B-00C04F79EFBC}") = "Infrastructure", "DataAccess\Infrastructure.csproj", "{B5DC0965-2D2D-46DA-9852-427D49FE9CED}"
EndProject
Project("{FAE04EC0-301F-11D3-BF4B-00C04F79EFBC}") = "Service", "Service\Service.csproj", "{7EBEB9D7-2979-4EF6-A511-A15408AC23A7}"
EndProject
Project("{FAE04EC0-301F-11D3-BF4B-00C04F79EFBC}") = "Entities", "Entities\Entities.csproj", "{DF3783D7-280C-49FD-A6E1-224E3CDD7AFC}"
EndProject
Global
	GlobalSection(SolutionConfigurationPlatforms) = preSolution
		Debug|Any CPU = Debug|Any CPU
		Release|Any CPU = Release|Any CPU
	EndGlobalSection
	GlobalSection(ProjectConfigurationPlatforms) = postSolution
		{0753F83A-0DC0-4860-AF1E-3338F43D171E}.Debug|Any CPU.ActiveCfg = Debug|Any CPU
		{0753F83A-0DC0-4860-AF1E-3338F43D171E}.Debug|Any CPU.Build.0 = Debug|Any CPU
		{0753F83A-0DC0-4860-AF1E-3338F43D171E}.Release|Any CPU.ActiveCfg = Release|Any CPU
		{0753F83A-0DC0-4860-AF1E-3338F43D171E}.Release|Any CPU.Build.0 = Release|Any CPU
		{B5DC0965-2D2D-46DA-9852-427D49FE9CED}.Debug|Any CPU.ActiveCfg = Debug|Any CPU
		{B5DC0965-2D2D-46DA-9852-427D49FE9CED}.Debug|Any CPU.Build.0 = Debug|Any CPU
		{B5DC0965-2D2D-46DA-9852-427D49FE9CED}.Release|Any CPU.ActiveCfg = Release|Any CPU
		{B5DC0965-2D2D-46DA-9852-427D49FE9CED}.Release|Any CPU.Build.0 = Release|Any CPU
		{7EBEB9D7-2979-4EF6-A511-A15408AC23A7}.Debug|Any CPU.ActiveCfg = Debug|Any CPU
		{7EBEB9D7-2979-4EF6-A511-A15408AC23A7}.Debug|Any CPU.Build.0 = Debug|Any CPU
		{7EBEB9D7-2979-4EF6-A511-A15408AC23A7}.Release|Any CPU.ActiveCfg = Release|Any CPU
		{7EBEB9D7-2979-4EF6-A511-A15408AC23A7}.Release|Any CPU.Build.0 = Release|Any CPU
		{DF3783D7-280C-49FD-A6E1-224E3CDD7AFC}.Debug|Any CPU.ActiveCfg = Debug|Any CPU
		{DF3783D7-280C-49FD-A6E1-224E3CDD7AFC}.Debug|Any CPU.Build.0 = Debug|Any CPU
		{DF3783D7-280C-49FD-A6E1-224E3CDD7AFC}.Release|Any CPU.ActiveCfg = Release|Any CPU
		{DF3783D7-280C-49FD-A6E1-224E3CDD7AFC}.Release|Any CPU.Build.0 = Release|Any CPU
	EndGlobalSection
	GlobalSection(SolutionProperties) = preSolution
		HideSolutionNode = FALSE
	EndGlobalSection
	GlobalSection(ExtensibilityGlobals) = postSolution
		SolutionGuid = {A12B537D-B5DA-4EEC-912A-90A863B63D58}
	EndGlobalSection
EndGlobal
